
Microsoft Visual Studio Solution File, Format Version 12.00
# Visual Studio Version 16
VisualStudioVersion = 16.0.30128.74
MinimumVisualStudioVersion = 10.0.40219.1
Project("{FAE04EC0-301F-11D3-BF4B-00C04F79EFBC}") = "ClinicGUI", "ClinicGUI.csproj", "{45B99859-65C1-46C0-8DEE-17B8A98C240D}"
EndProject
Project("{FAE04EC0-301F-11D3-BF4B-00C04F79EFBC}") = "Admin_Interface", "..\..\..\Beta\Admin\Admin_Interface\Admin_Interface\Admin_Interface.csproj", "{49E5FA6B-4709-4091-BCC0-BC12ACDC2A99}"
EndProject
Project("{FAE04EC0-301F-11D3-BF4B-00C04F79EFBC}") = "NewClinic", "..\..\..\Beta\Doctor\NewClinic\NewClinic\NewClinic.csproj", "{8E806D25-C856-4491-BEE9-87B4B6803CE6}"
EndProject
Project("{FAE04EC0-301F-11D3-BF4B-00C04F79EFBC}") = "Receptionist", "..\..\..\Beta\Receptionsit\Receptionist\Receptionist\Receptionist.csproj", "{9787ECDE-2C62-475B-B890-D4CF62917218}"
EndProject
Global
	GlobalSection(SolutionConfigurationPlatforms) = preSolution
		Debug|Any CPU = Debug|Any CPU
		Release|Any CPU = Release|Any CPU
	EndGlobalSection
	GlobalSection(ProjectConfigurationPlatforms) = postSolution
		{45B99859-65C1-46C0-8DEE-17B8A98C240D}.Debug|Any CPU.ActiveCfg = Debug|Any CPU
		{45B99859-65C1-46C0-8DEE-17B8A98C240D}.Debug|Any CPU.Build.0 = Debug|Any CPU
		{45B99859-65C1-46C0-8DEE-17B8A98C240D}.Release|Any CPU.ActiveCfg = Release|Any CPU
		{45B99859-65C1-46C0-8DEE-17B8A98C240D}.Release|Any CPU.Build.0 = Release|Any CPU
		{49E5FA6B-4709-4091-BCC0-BC12ACDC2A99}.Debug|Any CPU.ActiveCfg = Debug|Any CPU
		{49E5FA6B-4709-4091-BCC0-BC12ACDC2A99}.Debug|Any CPU.Build.0 = Debug|Any CPU
		{49E5FA6B-4709-4091-BCC0-BC12ACDC2A99}.Release|Any CPU.ActiveCfg = Release|Any CPU
		{49E5FA6B-4709-4091-BCC0-BC12ACDC2A99}.Release|Any CPU.Build.0 = Release|Any CPU
		{8E806D25-C856-4491-BEE9-87B4B6803CE6}.Debug|Any CPU.ActiveCfg = Debug|Any CPU
		{8E806D25-C856-4491-BEE9-87B4B6803CE6}.Debug|Any CPU.Build.0 = Debug|Any CPU
		{8E806D25-C856-4491-BEE9-87B4B6803CE6}.Release|Any CPU.ActiveCfg = Release|Any CPU
		{8E806D25-C856-4491-BEE9-87B4B6803CE6}.Release|Any CPU.Build.0 = Release|Any CPU
		{9787ECDE-2C62-475B-B890-D4CF62917218}.Debug|Any CPU.ActiveCfg = Debug|Any CPU
		{9787ECDE-2C62-475B-B890-D4CF62917218}.Debug|Any CPU.Build.0 = Debug|Any CPU
		{9787ECDE-2C62-475B-B890-D4CF62917218}.Release|Any CPU.ActiveCfg = Release|Any CPU
		{9787ECDE-2C62-475B-B890-D4CF62917218}.Release|Any CPU.Build.0 = Release|Any CPU
	EndGlobalSection
	GlobalSection(SolutionProperties) = preSolution
		HideSolutionNode = FALSE
	EndGlobalSection
	GlobalSection(ExtensibilityGlobals) = postSolution
		SolutionGuid = {1A0B6E7C-C0F9-4D6D-9FA2-50D5EC302008}
	EndGlobalSection
EndGlobal
